Microsoft Visual Studio Solution File, Format Version 12.00
# Visual Studio Version 17
VisualStudioVersion = 17.5.2.0
MinimumVisualStudioVersion = 10.0.40219.1
Project("{FAE04EC0-301F-11D3-BF4B-00C04F79EFBC}") = "premierpas", "premierpas\premierpas.csproj", "{3B6BC85E-A9AD-604D-C2CC-1FA01D22458C}"
EndProject
Global
	GlobalSection(SolutionConfigurationPlatforms) = preSolution
		Debug|Any CPU = Debug|Any CPU
		Release|Any CPU = Release|Any CPU
	EndGlobalSection
	GlobalSection(ProjectConfigurationPlatforms) = postSolution
		{3B6BC85E-A9AD-604D-C2CC-1FA01D22458C}.Debug|Any CPU.ActiveCfg = Debug|Any CPU
		{3B6BC85E-A9AD-604D-C2CC-1FA01D22458C}.Debug|Any CPU.Build.0 = Debug|Any CPU
		{3B6BC85E-A9AD-604D-C2CC-1FA01D22458C}.Release|Any CPU.ActiveCfg = Release|Any CPU
		{3B6BC85E-A9AD-604D-C2CC-1FA01D22458C}.Release|Any CPU.Build.0 = Release|Any CPU
	EndGlobalSection
	GlobalSection(SolutionProperties) = preSolution
		HideSolutionNode = FALSE
	EndGlobalSection
	GlobalSection(ExtensibilityGlobals) = postSolution
		SolutionGuid = {39B56776-B318-42ED-9B2D-3CCEDE2F8658}
	EndGlobalSection
EndGlobal
